// !$*UTF8*$!
{
	archiveVersion = 1;
	classes = {
	};
	objectVersion = 77;
	objects = {

/* Begin PBXContainerItemProxy section */
		25E128192CC6431B00EAEE74 /* PBXContainerItemProxy */ = {
			isa = PBXContainerItemProxy;
			containerPortal = 25E128002CC6431A00EAEE74 /* Project object */;
			proxyType = 1;
			remoteGlobalIDString = 25E128072CC6431A00EAEE74;
			remoteInfo = MoneyPlant;
		};
		25E128232CC6431B00EAEE74 /* PBXContainerItemProxy */ = {
			isa = PBXContainerItemProxy;
			containerPortal = 25E128002CC6431A00EAEE74 /* Project object */;
			proxyType = 1;
			remoteGlobalIDString = 25E128072CC6431A00EAEE74;
			remoteInfo = MoneyPlant;
		};
/* End PBXContainerItemProxy section */

/* Begin PBXFileReference section */
		25E128082CC6431A00EAEE74 /* MoneyPlant.app */ = {isa = PBXFileReference; explicitFileType = wrapper.application; includeInIndex = 0; path = MoneyPlant.app; sourceTree = BUILT_PRODUCTS_DIR; };
		25E128182CC6431B00EAEE74 /* MoneyPlantTests.xctest */ = {isa = PBXFileReference; explicitFileType = wrapper.cfbundle; includeInIndex = 0; path = MoneyPlantTests.xctest; sourceTree = BUILT_PRODUCTS_DIR; };
		25E128222CC6431B00EAEE74 /* MoneyPlantUITests.xctest */ = {isa = PBXFileReference; explicitFileType = wrapper.cfbundle; includeInIndex = 0; path = MoneyPlantUITests.xctest; sourceTree = BUILT_PRODUCTS_DIR; };
/* End PBXFileReference section */

/* Begin PBXFileSystemSynchronizedRootGroup section */
		25E1280A2CC6431A00EAEE74 /* MoneyPlant */ = {
			isa = PBXFileSystemSynchronizedRootGroup;
			path = MoneyPlant;
			sourceTree = "<group>";
		};
		25E1281B2CC6431B00EAEE74 /* MoneyPlantTests */ = {
			isa = PBXFileSystemSynchronizedRootGroup;
			path = MoneyPlantTests;
			sourceTree = "<group>";
		};
		25E128252CC6431B00EAEE74 /* MoneyPlantUITests */ = {
			isa = PBXFileSystemSynchronizedRootGroup;
			path = MoneyPlantUITests;
			sourceTree = "<group>";
		};
/* End PBXFileSystemSynchronizedRootGroup section */

/* Begin PBXFrameworksBuildPhase section */
		25E128052CC6431A00EAEE74 /* Frameworks */ = {
			isa = PBXFrameworksBuildPhase;
			buildActionMask = 2147483647;
			files = (
			);
			runOnlyForDeploymentPostprocessing = 0;
		};
		25E128152CC6431B00EAEE74 /* Frameworks */ = {
			isa = PBXFrameworksBuildPhase;
			buildActionMask = 2147483647;
			files = (
			);
			runOnlyForDeploymentPostprocessing = 0;
		};
		25E1281F2CC6431B00EAEE74 /* Frameworks */ = {
			isa = PBXFrameworksBuildPhase;
			buildActionMask = 2147483647;
			files = (
			);
			runOnlyForDeploymentPostprocessing = 0;
		};
/* End PBXFrameworksBuildPhase section */

/* Begin PBXGroup section */
		25E127FF2CC6431A00EAEE74 = {
			isa = PBXGroup;
			children = (
				25E1280A2CC6431A00EAEE74 /* MoneyPlant */,
				25E1281B2CC6431B00EAEE74 /* MoneyPlantTests */,
				25E128252CC6431B00EAEE74 /* MoneyPlantUITests */,
				25E128092CC6431A00EAEE74 /* Products */,
			);
			sourceTree = "<group>";
		};
		25E128092CC6431A00EAEE74 /* Products */ = {
			isa = PBXGroup;
			children = (
				25E128082CC6431A00EAEE74 /* MoneyPlant.app */,
				25E128182CC6431B00EAEE74 /* MoneyPlantTests.xctest */,
				25E128222CC6431B00EAEE74 /* MoneyPlantUITests.xctest */,
			);
			name = Products;
			sourceTree = "<group>";
		};
/* End PBXGroup section */

/* Begin PBXNativeTarget section */
		25E128072CC6431A00EAEE74 /* MoneyPlant */ = {
			isa = PBXNativeTarget;
			buildConfigurationList = 25E1282C2CC6431B00EAEE74 /* Build configuration list for PBXNativeTarget "MoneyPlant" */;
			buildPhases = (
				25E128042CC6431A00EAEE74 /* Sources */,
				25E128052CC6431A00EAEE74 /* Frameworks */,
				25E128062CC6431A00EAEE74 /* Resources */,
			);
			buildRules = (
			);
			dependencies = (
			);
			fileSystemSynchronizedGroups = (
				25E1280A2CC6431A00EAEE74 /* MoneyPlant */,
			);
			name = MoneyPlant;
			packageProductDependencies = (
			);
			productName = MoneyPlant;
			productReference = 25E128082CC6431A00EAEE74 /* MoneyPlant.app */;
			productType = "com.apple.product-type.application";
		};
		25E128172CC6431B00EAEE74 /* MoneyPlantTests */ = {
			isa = PBXNativeTarget;
			buildConfigurationList = 25E1282F2CC6431B00EAEE74 /* Build configuration list for PBXNativeTarget "MoneyPlantTests" */;
			buildPhases = (
				25E128142CC6431B00EAEE74 /* Sources */,
				25E128152CC6431B00EAEE74 /* Frameworks */,
				25E128162CC6431B00EAEE74 /* Resources */,
			);
			buildRules = (
			);
			dependencies = (
				25E1281A2CC6431B00EAEE74 /* PBXTargetDependency */,
			);
			fileSystemSynchronizedGroups = (
				25E1281B2CC6431B00EAEE74 /* MoneyPlantTests */,
			);
			name = MoneyPlantTests;
			packageProductDependencies = (
			);
			productName = MoneyPlantTests;
			productReference = 25E128182CC6431B00EAEE74 /* MoneyPlantTests.xctest */;
			productType = "com.apple.product-type.bundle.unit-test";
		};
		25E128212CC6431B00EAEE74 /* MoneyPlantUITests */ = {
			isa = PBXNativeTarget;
			buildConfigurationList = 25E128322CC6431B00EAEE74 /* Build configuration list for PBXNativeTarget "MoneyPlantUITests" */;
			buildPhases = (
				25E1281E2CC6431B00EAEE74 /* Sources */,
				25E1281F2CC6431B00EAEE74 /* Frameworks */,
				25E128202CC6431B00EAEE74 /* Resources */,
			);
			buildRules = (
			);
			dependencies = (
				25E128242CC6431B00EAEE74 /* PBXTargetDependency */,
			);
			fileSystemSynchronizedGroups = (
				25E128252CC6431B00EAEE74 /* MoneyPlantUITests */,
			);
			name = MoneyPlantUITests;
			packageProductDependencies = (
			);
			productName = MoneyPlantUITests;
			productReference = 25E128222CC6431B00EAEE74 /* MoneyPlantUITests.xctest */;
			productType = "com.apple.product-type.bundle.ui-testing";
		};
/* End PBXNativeTarget section */

/* Begin PBXProject section */
		25E128002CC6431A00EAEE74 /* Project object */ = {
			isa = PBXProject;
			attributes = {
				BuildIndependentTargetsInParallel = 1;
				LastSwiftUpdateCheck = 1600;
				LastUpgradeCheck = 1600;
				TargetAttributes = {
					25E128072CC6431A00EAEE74 = {
						CreatedOnToolsVersion = 16.0;
					};
					25E128172CC6431B00EAEE74 = {
						CreatedOnToolsVersion = 16.0;
						TestTargetID = 25E128072CC6431A00EAEE74;
					};
					25E128212CC6431B00EAEE74 = {
						CreatedOnToolsVersion = 16.0;
						TestTargetID = 25E128072CC6431A00EAEE74;
					};
				};
			};
			buildConfigurationList = 25E128032CC6431A00EAEE74 /* Build configuration list for PBXProject "MoneyPlant" */;
			developmentRegion = en;
			hasScannedForEncodings = 0;
			knownRegions = (
				en,
				Base,
			);
			mainGroup = 25E127FF2CC6431A00EAEE74;
			minimizedProjectReferenceProxies = 1;
			preferredProjectObjectVersion = 77;
			productRefGroup = 25E128092CC6431A00EAEE74 /* Products */;
			projectDirPath = "";
			projectRoot = "";
			targets = (
				25E128072CC6431A00EAEE74 /* MoneyPlant */,
				25E128172CC6431B00EAEE74 /* MoneyPlantTests */,
				25E128212CC6431B00EAEE74 /* MoneyPlantUITests */,
			);
		};
/* End PBXProject section */

/* Begin PBXResourcesBuildPhase section */
		25E128062CC6431A00EAEE74 /* Resources */ = {
			isa = PBXResourcesBuildPhase;
			buildActionMask = 2147483647;
			files = (
			);
			runOnlyForDeploymentPostprocessing = 0;
		};
		25E128162CC6431B00EAEE74 /* Resources */ = {
			isa = PBXResourcesBuildPhase;
			buildActionMask = 2147483647;
			files = (
			);
			runOnlyForDeploymentPostprocessing = 0;
		};
		25E128202CC6431B00EAEE74 /* Resources */ = {
			isa = PBXResourcesBuildPhase;
			buildActionMask = 2147483647;
			files = (
			);
			runOnlyForDeploymentPostprocessing = 0;
		};
/* End PBXResourcesBuildPhase section */

/* Begin PBXSourcesBuildPhase section */
		25E128042CC6431A00EAEE74 /* Sources */ = {
			isa = PBXSourcesBuildPhase;
			buildActionMask = 2147483647;
			files = (
			);
			runOnlyForDeploymentPostprocessing = 0;
		};
		25E128142CC6431B00EAEE74 /* Sources */ = {
			isa = PBXSourcesBuildPhase;
			buildActionMask = 2147483647;
			files = (
			);
			runOnlyForDeploymentPostprocessing = 0;
		};
		25E1281E2CC6431B00EAEE74 /* Sources */ = {
			isa = PBXSourcesBuildPhase;
			buildActionMask = 2147483647;
			files = (
			);
			runOnlyForDeploymentPostprocessing = 0;
		};
/* End PBXSourcesBuildPhase section */

/* Begin PBXTargetDependency section */
		25E1281A2CC6431B00EAEE74 /* PBXTargetDependency */ = {
			isa = PBXTargetDependency;
			target = 25E128072CC6431A00EAEE74 /* MoneyPlant */;
			targetProxy = 25E128192CC6431B00EAEE74 /* PBXContainerItemProxy */;
		};
		25E128242CC6431B00EAEE74 /* PBXTargetDependency */ = {
			isa = PBXTargetDependency;
			target = 25E128072CC6431A00EAEE74 /* MoneyPlant */;
			targetProxy = 25E128232CC6431B00EAEE74 /* PBXContainerItemProxy */;
		};
/* End PBXTargetDependency section */

/* Begin XCBuildConfiguration section */
		25E1282A2CC6431B00EAEE74 /* Debug */ = {
			isa = XCBuildConfiguration;
			buildSettings = {
				ALWAYS_SEARCH_USER_PATHS = NO;
				ASSETCATALOG_COMPILER_GENERATE_SWIFT_ASSET_SYMBOL_EXTENSIONS = YES;
				CLANG_ANALYZER_NONNULL = YES;
				CLANG_ANALYZER_NUMBER_OBJECT_CONVERSION = YES_AGGRESSIVE;
				CLANG_CXX_LANGUAGE_STANDARD = "gnu++20";
				CLANG_ENABLE_MODULES = YES;
				CLANG_ENABLE_OBJC_ARC = YES;
				CLANG_ENABLE_OBJC_WEAK = YES;
				CLANG_WARN_BLOCK_CAPTURE_AUTORELEASING = YES;
				CLANG_WARN_BOOL_CONVERSION = YES;
				CLANG_WARN_COMMA = YES;
				CLANG_WARN_CONSTANT_CONVERSION = YES;
				CLANG_WARN_DEPRECATED_OBJC_IMPLEMENTATIONS = YES;
				CLANG_WARN_DIRECT_OBJC_ISA_USAGE = YES_ERROR;
				CLANG_WARN_DOCUMENTATION_COMMENTS = YES;
				CLANG_WARN_EMPTY_BODY = YES;
				CLANG_WARN_ENUM_CONVERSION = YES;
				CLANG_WARN_INFINITE_RECURSION = YES;
				CLANG_WARN_INT_CONVERSION = YES;
				CLANG_WARN_NON_LITERAL_NULL_CONVERSION = YES;
				CLANG_WARN_OBJC_IMPLICIT_RETAIN_SELF = YES;
				CLANG_WARN_OBJC_LITERAL_CONVERSION = YES;
				CLANG_WARN_OBJC_ROOT_CLASS = YES_ERROR;
				CLANG_WARN_QUOTED_INCLUDE_IN_FRAMEWORK_HEADER = YES;
				CLANG_WARN_RANGE_LOOP_ANALYSIS = YES;
				CLANG_WARN_STRICT_PROTOTYPES = YES;
				CLANG_WARN_SUSPICIOUS_MOVE = YES;
				CLANG_WARN_UNGUARDED_AVAILABILITY = YES_AGGRESSIVE;
				CLANG_WARN_UNREACHABLE_CODE = YES;
				CLANG_WARN__DUPLICATE_METHOD_MATCH = YES;
				COPY_PHASE_STRIP = NO;
				DEBUG_INFORMATION_FORMAT = dwarf;
				ENABLE_STRICT_OBJC_MSGSEND = YES;
				ENABLE_TESTABILITY = YES;
				ENABLE_USER_SCRIPT_SANDBOXING = YES;
				GCC_C_LANGUAGE_STANDARD = gnu17;
				GCC_DYNAMIC_NO_PIC = NO;
				GCC_NO_COMMON_BLOCKS = YES;
				GCC_OPTIMIZATION_LEVEL = 0;
				GCC_PREPROCESSOR_DEFINITIONS = (
					"DEBUG=1",
					"$(inherited)",
				);
				GCC_WARN_64_TO_32_BIT_CONVERSION = YES;
				GCC_WARN_ABOUT_RETURN_TYPE = YES_ERROR;
				GCC_WARN_UNDECLARED_SELECTOR = YES;
				GCC_WARN_UNINITIALIZED_AUTOS = YES_AGGRESSIVE;
				GCC_WARN_UNUSED_FUNCTION = YES;
				GCC_WARN_UNUSED_VARIABLE = YES;
				IPHONEOS_DEPLOYMENT_TARGET = 18.0;
				LOCALIZATION_PREFERS_STRING_CATALOGS = YES;
				MTL_ENABLE_DEBUG_INFO = INCLUDE_SOURCE;
				MTL_FAST_MATH = YES;
				ONLY_ACTIVE_ARCH = YES;
				SDKROOT = iphoneos;
				SWIFT_ACTIVE_COMPILATION_CONDITIONS = "DEBUG $(inherited)";
				SWIFT_OPTIMIZATION_LEVEL = "-Onone";
			};
			name = Debug;
		};
		25E1282B2CC6431B00EAEE74 /* Release */ = {
			isa = XCBuildConfiguration;
			buildSettings = {
				ALWAYS_SEARCH_USER_PATHS = NO;
				ASSETCATALOG_COMPILER_GENERATE_SWIFT_ASSET_SYMBOL_EXTENSIONS = YES;
				CLANG_ANALYZER_NONNULL = YES;
				CLANG_ANALYZER_NUMBER_OBJECT_CONVERSION = YES_AGGRESSIVE;
				CLANG_CXX_LANGUAGE_STANDARD = "gnu++20";
				CLANG_ENABLE_MODULES = YES;
				CLANG_ENABLE_OBJC_ARC = YES;
				CLANG_ENABLE_OBJC_WEAK = YES;
				CLANG_WARN_BLOCK_CAPTURE_AUTORELEASING = YES;
				CLANG_WARN_BOOL_CONVERSION = YES;
				CLANG_WARN_COMMA = YES;
				CLANG_WARN_CONSTANT_CONVERSION = YES;
				CLANG_WARN_DEPRECATED_OBJC_IMPLEMENTATIONS = YES;
				CLANG_WARN_DIRECT_OBJC_ISA_USAGE = YES_ERROR;
				CLANG_WARN_DOCUMENTATION_COMMENTS = YES;
				CLANG_WARN_EMPTY_BODY = YES;
				CLANG_WARN_ENUM_CONVERSION = YES;
				CLANG_WARN_INFINITE_RECURSION = YES;
				CLANG_WARN_INT_CONVERSION = YES;
				CLANG_WARN_NON_LITERAL_NULL_CONVERSION = YES;
				CLANG_WARN_OBJC_IMPLICIT_RETAIN_SELF = YES;
				CLANG_WARN_OBJC_LITERAL_CONVERSION = YES;
				CLANG_WARN_OBJC_ROOT_CLASS = YES_ERROR;
				CLANG_WARN_QUOTED_INCLUDE_IN_FRAMEWORK_HEADER = YES;
				CLANG_WARN_RANGE_LOOP_ANALYSIS = YES;
				CLANG_WARN_STRICT_PROTOTYPES = YES;
				CLANG_WARN_SUSPICIOUS_MOVE = YES;
				CLANG_WARN_UNGUARDED_AVAILABILITY = YES_AGGRESSIVE;
				CLANG_WARN_UNREACHABLE_CODE = YES;
				CLANG_WARN__DUPLICATE_METHOD_MATCH = YES;
				COPY_PHASE_STRIP = NO;
				DEBUG_INFORMATION_FORMAT = "dwarf-with-dsym";
				ENABLE_NS_ASSERTIONS = NO;
				ENABLE_STRICT_OBJC_MSGSEND = YES;
				ENABLE_USER_SCRIPT_SANDBOXING = YES;
				GCC_C_LANGUAGE_STANDARD = gnu17;
				GCC_NO_COMMON_BLOCKS = YES;
				GCC_WARN_64_TO_32_BIT_CONVERSION = YES;
				GCC_WARN_ABOUT_RETURN_TYPE = YES_ERROR;
				GCC_WARN_UNDECLARED_SELECTOR = YES;
				GCC_WARN_UNINITIALIZED_AUTOS = YES_AGGRESSIVE;
				GCC_WARN_UNUSED_FUNCTION = YES;
				GCC_WARN_UNUSED_VARIABLE = YES;
				IPHONEOS_DEPLOYMENT_TARGET = 18.0;
				LOCALIZATION_PREFERS_STRING_CATALOGS = YES;
				MTL_ENABLE_DEBUG_INFO = NO;
				MTL_FAST_MATH = YES;
				SDKROOT = iphoneos;
				SWIFT_COMPILATION_MODE = wholemodule;
				VALIDATE_PRODUCT = YES;
			};
			name = Release;
		};
		25E1282D2CC6431B00EAEE74 /* Debug */ = {
			isa = XCBuildConfiguration;
			buildSettings = {
				ASSETCATALOG_COMPILER_APPICON_NAME = AppIcon;
				ASSETCATALOG_COMPILER_GLOBAL_ACCENT_COLOR_NAME = AccentColor;
				CODE_SIGN_STYLE = Automatic;
				CURRENT_PROJECT_VERSION = 1;
				DEVELOPMENT_ASSET_PATHS = "\"MoneyPlant/Preview Content\"";
				DEVELOPMENT_TEAM = XRJ445B35D;
				ENABLE_PREVIEWS = YES;
				GENERATE_INFOPLIST_FILE = YES;
				INFOPLIST_KEY_UIApplicationSceneManifest_Generation = YES;
				INFOPLIST_KEY_UIApplicationSupportsIndirectInputEvents = YES;
				INFOPLIST_KEY_UILaunchScreen_Generation = YES;
				INFOPLIST_KEY_UISupportedInterfaceOrientations_iPad = "UIInterfaceOrientationPortrait UIInterfaceOrientationPortraitUpsideDown UIInterfaceOrientationLandscapeLeft UIInterfaceOrientationLandscapeRight";
				INFOPLIST_KEY_UISupportedInterfaceOrientations_iPhone = "UIInterfaceOrientationPortrait UIInterfaceOrientationLandscapeLeft UIInterfaceOrientationLandscapeRight";
				LD_RUNPATH_SEARCH_PATHS = (
					"$(inherited)",
					"@executable_path/Frameworks",
				);
				MARKETING_VERSION = 1.0;
				PRODUCT_BUNDLE_IDENTIFIER = SRM.MoneyPlant;
				PRODUCT_NAME = "$(TARGET_NAME)";
				SWIFT_EMIT_LOC_STRINGS = YES;
				SWIFT_VERSION = 5.0;
				TARGETED_DEVICE_FAMILY = "1,2";
			};
			name = Debug;
		};
		25E1282E2CC6431B00EAEE74 /* Release */ = {
			isa = XCBuildConfiguration;
			buildSettings = {
				ASSETCATALOG_COMPILER_APPICON_NAME = AppIcon;
				ASSETCATALOG_COMPILER_GLOBAL_ACCENT_COLOR_NAME = AccentColor;
				CODE_SIGN_STYLE = Automatic;
				CURRENT_PROJECT_VERSION = 1;
				DEVELOPMENT_ASSET_PATHS = "\"MoneyPlant/Preview Content\"";
				DEVELOPMENT_TEAM = XRJ445B35D;
				ENABLE_PREVIEWS = YES;
				GENERATE_INFOPLIST_FILE = YES;
				INFOPLIST_KEY_UIApplicationSceneManifest_Generation = YES;
				INFOPLIST_KEY_UIApplicationSupportsIndirectInputEvents = YES;
				INFOPLIST_KEY_UILaunchScreen_Generation = YES;
				INFOPLIST_KEY_UISupportedInterfaceOrientations_iPad = "UIInterfaceOrientationPortrait UIInterfaceOrientationPortraitUpsideDown UIInterfaceOrientationLandscapeLeft UIInterfaceOrientationLandscapeRight";
				INFOPLIST_KEY_UISupportedInterfaceOrientations_iPhone = "UIInterfaceOrientationPortrait UIInterfaceOrientationLandscapeLeft UIInterfaceOrientationLandscapeRight";
				LD_RUNPATH_SEARCH_PATHS = (
					"$(inherited)",
					"@executable_path/Frameworks",
				);
				MARKETING_VERSION = 1.0;
				PRODUCT_BUNDLE_IDENTIFIER = SRM.MoneyPlant;
				PRODUCT_NAME = "$(TARGET_NAME)";
				SWIFT_EMIT_LOC_STRINGS = YES;
				SWIFT_VERSION = 5.0;
				TARGETED_DEVICE_FAMILY = "1,2";
			};
			name = Release;
		};
		25E128302CC6431B00EAEE74 /* Debug */ = {
			isa = XCBuildConfiguration;
			buildSettings = {
				BUNDLE_LOADER = "$(TEST_HOST)";
				CODE_SIGN_STYLE = Automatic;
				CURRENT_PROJECT_VERSION = 1;
				DEVELOPMENT_TEAM = XRJ445B35D;
				GENERATE_INFOPLIST_FILE = YES;
				IPHONEOS_DEPLOYMENT_TARGET = 18.0;
				MARKETING_VERSION = 1.0;
				PRODUCT_BUNDLE_IDENTIFIER = SRM.MoneyPlantTests;
				PRODUCT_NAME = "$(TARGET_NAME)";
				SWIFT_EMIT_LOC_STRINGS = NO;
				SWIFT_VERSION = 5.0;
				TARGETED_DEVICE_FAMILY = "1,2";
				TEST_HOST = "$(BUILT_PRODUCTS_DIR)/MoneyPlant.app/$(BUNDLE_EXECUTABLE_FOLDER_PATH)/MoneyPlant";
			};
			name = Debug;
		};
		25E128312CC6431B00EAEE74 /* Release */ = {
			isa = XCBuildConfiguration;
			buildSettings = {
				BUNDLE_LOADER = "$(TEST_HOST)";
				CODE_SIGN_STYLE = Automatic;
				CURRENT_PROJECT_VERSION = 1;
				DEVELOPMENT_TEAM = XRJ445B35D;
				GENERATE_INFOPLIST_FILE = YES;
				IPHONEOS_DEPLOYMENT_TARGET = 18.0;
				MARKETING_VERSION = 1.0;
				PRODUCT_BUNDLE_IDENTIFIER = SRM.MoneyPlantTests;
				PRODUCT_NAME = "$(TARGET_NAME)";
				SWIFT_EMIT_LOC_STRINGS = NO;
				SWIFT_VERSION = 5.0;
				TARGETED_DEVICE_FAMILY = "1,2";
				TEST_HOST = "$(BUILT_PRODUCTS_DIR)/MoneyPlant.app/$(BUNDLE_EXECUTABLE_FOLDER_PATH)/MoneyPlant";
			};
			name = Release;
		};
		25E128332CC6431B00EAEE74 /* Debug */ = {
			isa = XCBuildConfiguration;
			buildSettings = {
				CODE_SIGN_STYLE = Automatic;
				CURRENT_PROJECT_VERSION = 1;
				DEVELOPMENT_TEAM = XRJ445B35D;
				GENERATE_INFOPLIST_FILE = YES;
				MARKETING_VERSION = 1.0;
				PRODUCT_BUNDLE_IDENTIFIER = SRM.MoneyPlantUITests;
				PRODUCT_NAME = "$(TARGET_NAME)";
				SWIFT_EMIT_LOC_STRINGS = NO;
				SWIFT_VERSION = 5.0;
				TARGETED_DEVICE_FAMILY = "1,2";
				TEST_TARGET_NAME = MoneyPlant;
			};
			name = Debug;
		};
		25E128342CC6431B00EAEE74 /* Release */ = {
			isa = XCBuildConfiguration;
			buildSettings = {
				CODE_SIGN_STYLE = Automatic;
				CURRENT_PROJECT_VERSION = 1;
				DEVELOPMENT_TEAM = XRJ445B35D;
				GENERATE_INFOPLIST_FILE = YES;
				MARKETING_VERSION = 1.0;
				PRODUCT_BUNDLE_IDENTIFIER = SRM.MoneyPlantUITests;
				PRODUCT_NAME = "$(TARGET_NAME)";
				SWIFT_EMIT_LOC_STRINGS = NO;
				SWIFT_VERSION = 5.0;
				TARGETED_DEVICE_FAMILY = "1,2";
				TEST_TARGET_NAME = MoneyPlant;
			};
			name = Release;
		};
/* End XCBuildConfiguration section */

/* Begin XCConfigurationList section */
		25E128032CC6431A00EAEE74 /* Build configuration list for PBXProject "MoneyPlant" */ = {
			isa = XCConfigurationList;
			buildConfigurations = (
				25E1282A2CC6431B00EAEE74 /* Debug */,
				25E1282B2CC6431B00EAEE74 /* Release */,
			);
			defaultConfigurationIsVisible = 0;
			defaultConfigurationName = Release;
		};
		25E1282C2CC6431B00EAEE74 /* Build configuration list for PBXNativeTarget "MoneyPlant" */ = {
			isa = XCConfigurationList;
			buildConfigurations = (
				25E1282D2CC6431B00EAEE74 /* Debug */,
				25E1282E2CC6431B00EAEE74 /* Release */,
			);
			defaultConfigurationIsVisible = 0;
			defaultConfigurationName = Release;
		};
		25E1282F2CC6431B00EAEE74 /* Build configuration list for PBXNativeTarget "MoneyPlantTests" */ = {
			isa = XCConfigurationList;
			buildConfigurations = (
				25E128302CC6431B00EAEE74 /* Debug */,
				25E128312CC6431B00EAEE74 /* Release */,
			);
			defaultConfigurationIsVisible = 0;
			defaultConfigurationName = Release;
		};
		25E128322CC6431B00EAEE74 /* Build configuration list for PBXNativeTarget "MoneyPlantUITests" */ = {
			isa = XCConfigurationList;
			buildConfigurations = (
				25E128332CC6431B00EAEE74 /* Debug */,
				25E128342CC6431B00EAEE74 /* Release */,
			);
			defaultConfigurationIsVisible = 0;
			defaultConfigurationName = Release;
		};
/* End XCConfigurationList section */
	};
	rootObject = 25E128002CC6431A00EAEE74 /* Project object */;
}
